// !$*UTF8*$!
{
	archiveVersion = 1;
	classes = {
	};
	objectVersion = 48;
	objects = {

/* Begin PBXBuildFile section */
		383CB9211F73733B007814EB /* AppDelegate.swift in Sources */ = {isa = PBXBuildFile; fileRef = 383CB9201F73733B007814EB /* AppDelegate.swift */; };
		383CB9231F73733B007814EB /* ViewController.swift in Sources */ = {isa = PBXBuildFile; fileRef = 383CB9221F73733B007814EB /* ViewController.swift */; };
		383CB9261F73733B007814EB /* Main.storyboard in Resources */ = {isa = PBXBuildFile; fileRef = 383CB9241F73733B007814EB /* Main.storyboard */; };
		383CB9281F73733B007814EB /* Assets.xcassets in Resources */ = {isa = PBXBuildFile; fileRef = 383CB9271F73733B007814EB /* Assets.xcassets */; };
		383CB92B1F73733B007814EB /* LaunchScreen.storyboard in Resources */ = {isa = PBXBuildFile; fileRef = 383CB9291F73733B007814EB /* LaunchScreen.storyboard */; };
/* End PBXBuildFile section */

/* Begin PBXFileReference section */
		383CB91D1F73733B007814EB /* SwiftTalk_Ex.app */ = {isa = PBXFileReference; explicitFileType = wrapper.application; includeInIndex = 0; path = SwiftTalk_Ex.app; sourceTree = BUILT_PRODUCTS_DIR; };
		383CB9201F73733B007814EB /* AppDelegate.swift */ = {isa = PBXFileReference; lastKnownFileType = sourcecode.swift; path = AppDelegate.swift; sourceTree = "<group>"; };
		383CB9221F73733B007814EB /* ViewController.swift */ = {isa = PBXFileReference; lastKnownFileType = sourcecode.swift; path = ViewController.swift; sourceTree = "<group>"; };
		383CB9251F73733B007814EB /* Base */ = {isa = PBXFileReference; lastKnownFileType = file.storyboard; name = Base; path = Base.lproj/Main.storyboard; sourceTree = "<group>"; };
		383CB9271F73733B007814EB /* Assets.xcassets */ = {isa = PBXFileReference; lastKnownFileType = folder.assetcatalog; path = Assets.xcassets; sourceTree = "<group>"; };
		383CB92A1F73733B007814EB /* Base */ = {isa = PBXFileReference; lastKnownFileType = file.storyboard; name = Base; path = Base.lproj/LaunchScreen.storyboard; sourceTree = "<group>"; };
		383CB92C1F73733B007814EB /* Info.plist */ = {isa = PBXFileReference; lastKnownFileType = text.plist.xml; path = Info.plist; sourceTree = "<group>"; };
		38630EAA1F74C56E00F36A76 /* Networking.playground */ = {isa = PBXFileReference; lastKnownFileType = file.playground; path = Networking.playground; sourceTree = "<group>"; xcLanguageSpecificationIdentifier = xcode.lang.swift; };
		38B4DBB71F737558006CDB0F /* MyPlayground.playground */ = {isa = PBXFileReference; lastKnownFileType = file.playground; path = MyPlayground.playground; sourceTree = "<group>"; xcLanguageSpecificationIdentifier = xcode.lang.swift; };
/* End PBXFileReference section */

/* Begin PBXFrameworksBuildPhase section */
		383CB91A1F73733B007814EB /* Frameworks */ = {
			isa = PBXFrameworksBuildPhase;
			buildActionMask = 2147483647;
			files = (
			);
			runOnlyForDeploymentPostprocessing = 0;
		};
/* End PBXFrameworksBuildPhase section */

/* Begin PBXGroup section */
		383CB9141F73733B007814EB = {
			isa = PBXGroup;
			children = (
				383CB91F1F73733B007814EB /* SwiftTalk_Ex */,
				383CB91E1F73733B007814EB /* Products */,
			);
			sourceTree = "<group>";
		};
		383CB91E1F73733B007814EB /* Products */ = {
			isa = PBXGroup;
			children = (
				383CB91D1F73733B007814EB /* SwiftTalk_Ex.app */,
			);
			name = Products;
			sourceTree = "<group>";
		};
		383CB91F1F73733B007814EB /* SwiftTalk_Ex */ = {
			isa = PBXGroup;
			children = (
				38630EA91F74C4D100F36A76 /* #1 */,
				383CB9321F737353007814EB /* #3 */,
				383CB9201F73733B007814EB /* AppDelegate.swift */,
				383CB9221F73733B007814EB /* ViewController.swift */,
				383CB9241F73733B007814EB /* Main.storyboard */,
				383CB9271F73733B007814EB /* Assets.xcassets */,
				383CB9291F73733B007814EB /* LaunchScreen.storyboard */,
				383CB92C1F73733B007814EB /* Info.plist */,
			);
			path = SwiftTalk_Ex;
			sourceTree = "<group>";
		};
		383CB9321F737353007814EB /* #3 */ = {
			isa = PBXGroup;
			children = (
				38B4DBB71F737558006CDB0F /* MyPlayground.playground */,
			);
			path = "#3";
			sourceTree = "<group>";
		};
		38630EA91F74C4D100F36A76 /* #1 */ = {
			isa = PBXGroup;
			children = (
				38630EAA1F74C56E00F36A76 /* Networking.playground */,
			);
			path = "#1";
			sourceTree = "<group>";
		};
/* End PBXGroup section */

/* Begin PBXNativeTarget section */
		383CB91C1F73733B007814EB /* SwiftTalk_Ex */ = {
			isa = PBXNativeTarget;
			buildConfigurationList = 383CB92F1F73733B007814EB /* Build configuration list for PBXNativeTarget "SwiftTalk_Ex" */;
			buildPhases = (
				383CB9191F73733B007814EB /* Sources */,
				383CB91A1F73733B007814EB /* Frameworks */,
				383CB91B1F73733B007814EB /* Resources */,
			);
			buildRules = (
			);
			dependencies = (
			);
			name = SwiftTalk_Ex;
			productName = SwiftTalk_Ex;
			productReference = 383CB91D1F73733B007814EB /* SwiftTalk_Ex.app */;
			productType = "com.apple.product-type.application";
		};
/* End PBXNativeTarget section */

/* Begin PBXProject section */
		383CB9151F73733B007814EB /* Project object */ = {
			isa = PBXProject;
			attributes = {
				LastSwiftUpdateCheck = 0900;
				LastUpgradeCheck = 0900;
				ORGANIZATIONNAME = plum;
				TargetAttributes = {
					383CB91C1F73733B007814EB = {
						CreatedOnToolsVersion = 9.0;
						ProvisioningStyle = Automatic;
					};
				};
			};
			buildConfigurationList = 383CB9181F73733B007814EB /* Build configuration list for PBXProject "SwiftTalk_Ex" */;
			compatibilityVersion = "Xcode 8.0";
			developmentRegion = en;
			hasScannedForEncodings = 0;
			knownRegions = (
				en,
				Base,
			);
			mainGroup = 383CB9141F73733B007814EB;
			productRefGroup = 383CB91E1F73733B007814EB /* Products */;
			projectDirPath = "";
			projectRoot = "";
			targets = (
				383CB91C1F73733B007814EB /* SwiftTalk_Ex */,
			);
		};
/* End PBXProject section */

/* Begin PBXResourcesBuildPhase section */
		383CB91B1F73733B007814EB /* Resources */ = {
			isa = PBXResourcesBuildPhase;
			buildActionMask = 2147483647;
			files = (
				383CB92B1F73733B007814EB /* LaunchScreen.storyboard in Resources */,
				383CB9281F73733B007814EB /* Assets.xcassets in Resources */,
				383CB9261F73733B007814EB /* Main.storyboard in Resources */,
			);
			runOnlyForDeploymentPostprocessing = 0;
		};
/* End PBXResourcesBuildPhase section */

/* Begin PBXSourcesBuildPhase section */
		383CB9191F73733B007814EB /* Sources */ = {
			isa = PBXSourcesBuildPhase;
			buildActionMask = 2147483647;
			files = (
				383CB9231F73733B007814EB /* ViewController.swift in Sources */,
				383CB9211F73733B007814EB /* AppDelegate.swift in Sources */,
			);
			runOnlyForDeploymentPostprocessing = 0;
		};
/* End PBXSourcesBuildPhase section */

/* Begin PBXVariantGroup section */
		383CB9241F73733B007814EB /* Main.storyboard */ = {
			isa = PBXVariantGroup;
			children = (
				383CB9251F73733B007814EB /* Base */,
			);
			name = Main.storyboard;
			sourceTree = "<group>";
		};
		383CB9291F73733B007814EB /* LaunchScreen.storyboard */ = {
			isa = PBXVariantGroup;
			children = (
				383CB92A1F73733B007814EB /* Base */,
			);
			name = LaunchScreen.storyboard;
			sourceTree = "<group>";
		};
/* End PBXVariantGroup section */

/* Begin XCBuildConfiguration section */
		383CB92D1F73733B007814EB /* Debug */ = {
			isa = XCBuildConfiguration;
			buildSettings = {
				ALWAYS_SEARCH_USER_PATHS = NO;
				CLANG_ANALYZER_NONNULL = YES;
				CLANG_ANALYZER_NUMBER_OBJECT_CONVERSION = YES_AGGRESSIVE;
				CLANG_CXX_LANGUAGE_STANDARD = "gnu++14";
				CLANG_CXX_LIBRARY = "libc++";
				CLANG_ENABLE_MODULES = YES;
				CLANG_ENABLE_OBJC_ARC = YES;
				CLANG_WARN_BLOCK_CAPTURE_AUTORELEASING = YES;
				CLANG_WARN_BOOL_CONVERSION = YES;
				CLANG_WARN_COMMA = YES;
				CLANG_WARN_CONSTANT_CONVERSION = YES;
				CLANG_WARN_DIRECT_OBJC_ISA_USAGE = YES_ERROR;
				CLANG_WARN_DOCUMENTATION_COMMENTS = YES;
				CLANG_WARN_EMPTY_BODY = YES;
				CLANG_WARN_ENUM_CONVERSION = YES;
				CLANG_WARN_INFINITE_RECURSION = YES;
				CLANG_WARN_INT_CONVERSION = YES;
				CLANG_WARN_NON_LITERAL_NULL_CONVERSION = YES;
				CLANG_WARN_OBJC_LITERAL_CONVERSION = YES;
				CLANG_WARN_OBJC_ROOT_CLASS = YES_ERROR;
				CLANG_WARN_RANGE_LOOP_ANALYSIS = YES;
				CLANG_WARN_STRICT_PROTOTYPES = YES;
				CLANG_WARN_SUSPICIOUS_MOVE = YES;
				CLANG_WARN_UNGUARDED_AVAILABILITY = YES_AGGRESSIVE;
				CLANG_WARN_UNREACHABLE_CODE = YES;
				CLANG_WARN__DUPLICATE_METHOD_MATCH = YES;
				CODE_SIGN_IDENTITY = "iPhone Developer";
				COPY_PHASE_STRIP = NO;
				DEBUG_INFORMATION_FORMAT = dwarf;
				ENABLE_STRICT_OBJC_MSGSEND = YES;
				ENABLE_TESTABILITY = YES;
				GCC_C_LANGUAGE_STANDARD = gnu11;
				GCC_DYNAMIC_NO_PIC = NO;
				GCC_NO_COMMON_BLOCKS = YES;
				GCC_OPTIMIZATION_LEVEL = 0;
				GCC_PREPROCESSOR_DEFINITIONS = (
					"DEBUG=1",
					"$(inherited)",
				);
				GCC_WARN_64_TO_32_BIT_CONVERSION = YES;
				GCC_WARN_ABOUT_RETURN_TYPE = YES_ERROR;
				GCC_WARN_UNDECLARED_SELECTOR = YES;
				GCC_WARN_UNINITIALIZED_AUTOS = YES_AGGRESSIVE;
				GCC_WARN_UNUSED_FUNCTION = YES;
				GCC_WARN_UNUSED_VARIABLE = YES;
				IPHONEOS_DEPLOYMENT_TARGET = 11.0;
				MTL_ENABLE_DEBUG_INFO = YES;
				ONLY_ACTIVE_ARCH = YES;
				SDKROOT = iphoneos;
				SWIFT_ACTIVE_COMPILATION_CONDITIONS = DEBUG;
				SWIFT_OPTIMIZATION_LEVEL = "-Onone";
			};
			name = Debug;
		};
		383CB92E1F73733B007814EB /* Release */ = {
			isa = XCBuildConfiguration;
			buildSettings = {
				ALWAYS_SEARCH_USER_PATHS = NO;
				CLANG_ANALYZER_NONNULL = YES;
				CLANG_ANALYZER_NUMBER_OBJECT_CONVERSION = YES_AGGRESSIVE;
				CLANG_CXX_LANGUAGE_STANDARD = "gnu++14";
				CLANG_CXX_LIBRARY = "libc++";
				CLANG_ENABLE_MODULES = YES;
				CLANG_ENABLE_OBJC_ARC = YES;
				CLANG_WARN_BLOCK_CAPTURE_AUTORELEASING = YES;
				CLANG_WARN_BOOL_CONVERSION = YES;
				CLANG_WARN_COMMA = YES;
				CLANG_WARN_CONSTANT_CONVERSION = YES;
				CLANG_WARN_DIRECT_OBJC_ISA_USAGE = YES_ERROR;
				CLANG_WARN_DOCUMENTATION_COMMENTS = YES;
				CLANG_WARN_EMPTY_BODY = YES;
				CLANG_WARN_ENUM_CONVERSION = YES;
				CLANG_WARN_INFINITE_RECURSION = YES;
				CLANG_WARN_INT_CONVERSION = YES;
				CLANG_WARN_NON_LITERAL_NULL_CONVERSION = YES;
				CLANG_WARN_OBJC_LITERAL_CONVERSION = YES;
				CLANG_WARN_OBJC_ROOT_CLASS = YES_ERROR;
				CLANG_WARN_RANGE_LOOP_ANALYSIS = YES;
				CLANG_WARN_STRICT_PROTOTYPES = YES;
				CLANG_WARN_SUSPICIOUS_MOVE = YES;
				CLANG_WARN_UNGUARDED_AVAILABILITY = YES_AGGRESSIVE;
				CLANG_WARN_UNREACHABLE_CODE = YES;
				CLANG_WARN__DUPLICATE_METHOD_MATCH = YES;
				CODE_SIGN_IDENTITY = "iPhone Developer";
				COPY_PHASE_STRIP = NO;
				DEBUG_INFORMATION_FORMAT = "dwarf-with-dsym";
				ENABLE_NS_ASSERTIONS = NO;
				ENABLE_STRICT_OBJC_MSGSEND = YES;
				GCC_C_LANGUAGE_STANDARD = gnu11;
				GCC_NO_COMMON_BLOCKS = YES;
				GCC_WARN_64_TO_32_BIT_CONVERSION = YES;
				GCC_WARN_ABOUT_RETURN_TYPE = YES_ERROR;
				GCC_WARN_UNDECLARED_SELECTOR = YES;
				GCC_WARN_UNINITIALIZED_AUTOS = YES_AGGRESSIVE;
				GCC_WARN_UNUSED_FUNCTION = YES;
				GCC_WARN_UNUSED_VARIABLE = YES;
				IPHONEOS_DEPLOYMENT_TARGET = 11.0;
				MTL_ENABLE_DEBUG_INFO = NO;
				SDKROOT = iphoneos;
				SWIFT_OPTIMIZATION_LEVEL = "-Owholemodule";
				VALIDATE_PRODUCT = YES;
			};
			name = Release;
		};
		383CB9301F73733B007814EB /* Debug */ = {
			isa = XCBuildConfiguration;
			buildSettings = {
				ASSETCATALOG_COMPILER_APPICON_NAME = AppIcon;
				CODE_SIGN_STYLE = Automatic;
				INFOPLIST_FILE = SwiftTalk_Ex/Info.plist;
				LD_RUNPATH_SEARCH_PATHS = "$(inherited) @executable_path/Frameworks";
				PRODUCT_BUNDLE_IDENTIFIER = "df.SwiftTalk-Ex";
				PRODUCT_NAME = "$(TARGET_NAME)";
				SWIFT_VERSION = 4.0;
				TARGETED_DEVICE_FAMILY = "1,2";
			};
			name = Debug;
		};
		383CB9311F73733B007814EB /* Release */ = {
			isa = XCBuildConfiguration;
			buildSettings = {
				ASSETCATALOG_COMPILER_APPICON_NAME = AppIcon;
				CODE_SIGN_STYLE = Automatic;
				INFOPLIST_FILE = SwiftTalk_Ex/Info.plist;
				LD_RUNPATH_SEARCH_PATHS = "$(inherited) @executable_path/Frameworks";
				PRODUCT_BUNDLE_IDENTIFIER = "df.SwiftTalk-Ex";
				PRODUCT_NAME = "$(TARGET_NAME)";
				SWIFT_VERSION = 4.0;
				TARGETED_DEVICE_FAMILY = "1,2";
			};
			name = Release;
		};
/* End XCBuildConfiguration section */

/* Begin XCConfigurationList section */
		383CB9181F73733B007814EB /* Build configuration list for PBXProject "SwiftTalk_Ex" */ = {
			isa = XCConfigurationList;
			buildConfigurations = (
				383CB92D1F73733B007814EB /* Debug */,
				383CB92E1F73733B007814EB /* Release */,
			);
			defaultConfigurationIsVisible = 0;
			defaultConfigurationName = Release;
		};
		383CB92F1F73733B007814EB /* Build configuration list for PBXNativeTarget "SwiftTalk_Ex" */ = {
			isa = XCConfigurationList;
			buildConfigurations = (
				383CB9301F73733B007814EB /* Debug */,
				383CB9311F73733B007814EB /* Release */,
			);
			defaultConfigurationIsVisible = 0;
			defaultConfigurationName = Release;
		};
/* End XCConfigurationList section */
	};
	rootObject = 383CB9151F73733B007814EB /* Project object */;
}
